github.com/MobilityData/gtfs-realtime-bindings/golang/gtfs v1.0.0 h1:f4P+fVYmSIWj4b/jvbMdmrmsx/Xb+5xCpYYtVXOdKoc=
github.com/MobilityData/gtfs-realtime-bindings/golang/gtfs v1.0.0/go.mod h1:nSmbVVQSM4lp9gYvVaaTotnRxSwZXEdFnJARofg5V4g=
github.com/julienschmidt/httprouter v1.3.0 h1:U0609e9tgbseu3rBINet9P48AI/D3oJs4dN7jwJOQ1U=
github.com/julienschmidt/httprouter v1.3.0/go.mod h1:JR6WtHb+2LUe8TCKY3cZOxFyyO8IZAc4RVcycCCAKdM=
google.golang.org/protobuf v1.36.1 h1:yBPeRvTftaleIgM3PZ/WBIZ7XM/eEYAaEyCwvyjq/gk=
google.golang.org/protobuf v1.36.1/go.mod h1:9fA7Ob0pmnwhb644+1+CVWFRbNajQ6iRojtC/QF5bRE=
